
Microsoft Visual Studio Solution File, Format Version 12.00
# Visual Studio 15
VisualStudioVersion = 15.0.26124.0
MinimumVisualStudioVersion = 15.0.26124.0
Project("{FAE04EC0-301F-11D3-BF4B-00C04F79EFBC}") = "API", "API\API.csproj", "{E9BF247B-EEC7-4001-84B3-9D333EF0522B}"
EndProject
Project("{FAE04EC0-301F-11D3-BF4B-00C04F79EFBC}") = "Core", "Core\Core.csproj", "{9C2C6A67-4009-4729-92F9-523F261F540B}"
EndProject
Project("{FAE04EC0-301F-11D3-BF4B-00C04F79EFBC}") = "Infraestrutura", "Infraestrutura\Infraestrutura.csproj", "{74A727D7-51E6-4D86-93CC-0F4E340F6AF7}"
EndProject
Global
	GlobalSection(SolutionConfigurationPlatforms) = preSolution
		Debug|Any CPU = Debug|Any CPU
		Debug|x64 = Debug|x64
		Debug|x86 = Debug|x86
		Release|Any CPU = Release|Any CPU
		Release|x64 = Release|x64
		Release|x86 = Release|x86
	EndGlobalSection
	GlobalSection(SolutionProperties) = preSolution
		HideSolutionNode = FALSE
	EndGlobalSection
	GlobalSection(ProjectConfigurationPlatforms) = postSolution
		{E9BF247B-EEC7-4001-84B3-9D333EF0522B}.Debug|Any CPU.ActiveCfg = Debug|Any CPU
		{E9BF247B-EEC7-4001-84B3-9D333EF0522B}.Debug|Any CPU.Build.0 = Debug|Any CPU
		{E9BF247B-EEC7-4001-84B3-9D333EF0522B}.Debug|x64.ActiveCfg = Debug|Any CPU
		{E9BF247B-EEC7-4001-84B3-9D333EF0522B}.Debug|x64.Build.0 = Debug|Any CPU
		{E9BF247B-EEC7-4001-84B3-9D333EF0522B}.Debug|x86.ActiveCfg = Debug|Any CPU
		{E9BF247B-EEC7-4001-84B3-9D333EF0522B}.Debug|x86.Build.0 = Debug|Any CPU
		{E9BF247B-EEC7-4001-84B3-9D333EF0522B}.Release|Any CPU.ActiveCfg = Release|Any CPU
		{E9BF247B-EEC7-4001-84B3-9D333EF0522B}.Release|Any CPU.Build.0 = Release|Any CPU
		{E9BF247B-EEC7-4001-84B3-9D333EF0522B}.Release|x64.ActiveCfg = Release|Any CPU
		{E9BF247B-EEC7-4001-84B3-9D333EF0522B}.Release|x64.Build.0 = Release|Any CPU
		{E9BF247B-EEC7-4001-84B3-9D333EF0522B}.Release|x86.ActiveCfg = Release|Any CPU
		{E9BF247B-EEC7-4001-84B3-9D333EF0522B}.Release|x86.Build.0 = Release|Any CPU
		{9C2C6A67-4009-4729-92F9-523F261F540B}.Debug|Any CPU.ActiveCfg = Debug|Any CPU
		{9C2C6A67-4009-4729-92F9-523F261F540B}.Debug|Any CPU.Build.0 = Debug|Any CPU
		{9C2C6A67-4009-4729-92F9-523F261F540B}.Debug|x64.ActiveCfg = Debug|Any CPU
		{9C2C6A67-4009-4729-92F9-523F261F540B}.Debug|x64.Build.0 = Debug|Any CPU
		{9C2C6A67-4009-4729-92F9-523F261F540B}.Debug|x86.ActiveCfg = Debug|Any CPU
		{9C2C6A67-4009-4729-92F9-523F261F540B}.Debug|x86.Build.0 = Debug|Any CPU
		{9C2C6A67-4009-4729-92F9-523F261F540B}.Release|Any CPU.ActiveCfg = Release|Any CPU
		{9C2C6A67-4009-4729-92F9-523F261F540B}.Release|Any CPU.Build.0 = Release|Any CPU
		{9C2C6A67-4009-4729-92F9-523F261F540B}.Release|x64.ActiveCfg = Release|Any CPU
		{9C2C6A67-4009-4729-92F9-523F261F540B}.Release|x64.Build.0 = Release|Any CPU
		{9C2C6A67-4009-4729-92F9-523F261F540B}.Release|x86.ActiveCfg = Release|Any CPU
		{9C2C6A67-4009-4729-92F9-523F261F540B}.Release|x86.Build.0 = Release|Any CPU
		{74A727D7-51E6-4D86-93CC-0F4E340F6AF7}.Debug|Any CPU.ActiveCfg = Debug|Any CPU
		{74A727D7-51E6-4D86-93CC-0F4E340F6AF7}.Debug|Any CPU.Build.0 = Debug|Any CPU
		{74A727D7-51E6-4D86-93CC-0F4E340F6AF7}.Debug|x64.ActiveCfg = Debug|Any CPU
		{74A727D7-51E6-4D86-93CC-0F4E340F6AF7}.Debug|x64.Build.0 = Debug|Any CPU
		{74A727D7-51E6-4D86-93CC-0F4E340F6AF7}.Debug|x86.ActiveCfg = Debug|Any CPU
		{74A727D7-51E6-4D86-93CC-0F4E340F6AF7}.Debug|x86.Build.0 = Debug|Any CPU
		{74A727D7-51E6-4D86-93CC-0F4E340F6AF7}.Release|Any CPU.ActiveCfg = Release|Any CPU
		{74A727D7-51E6-4D86-93CC-0F4E340F6AF7}.Release|Any CPU.Build.0 = Release|Any CPU
		{74A727D7-51E6-4D86-93CC-0F4E340F6AF7}.Release|x64.ActiveCfg = Release|Any CPU
		{74A727D7-51E6-4D86-93CC-0F4E340F6AF7}.Release|x64.Build.0 = Release|Any CPU
		{74A727D7-51E6-4D86-93CC-0F4E340F6AF7}.Release|x86.ActiveCfg = Release|Any CPU
		{74A727D7-51E6-4D86-93CC-0F4E340F6AF7}.Release|x86.Build.0 = Release|Any CPU
	EndGlobalSection
EndGlobal
